
Microsoft Visual Studio Solution File, Format Version 12.00
# Visual Studio Version 16
VisualStudioVersion = 16.0.30907.101
MinimumVisualStudioVersion = 10.0.40219.1
Project("{FAE04EC0-301F-11D3-BF4B-00C04F79EFBC}") = "OTFI1B_Parinas_MidtermMP", "OTFI1B_Parinas_MidtermMP.csproj", "{758C5D26-DB90-4E00-8023-643B1B363A59}"
EndProject
Global
	GlobalSection(SolutionConfigurationPlatforms) = preSolution
		Debug|Any CPU = Debug|Any CPU
		Release|Any CPU = Release|Any CPU
	EndGlobalSection
	GlobalSection(ProjectConfigurationPlatforms) = postSolution
		{758C5D26-DB90-4E00-8023-643B1B363A59}.Debug|Any CPU.ActiveCfg = Debug|Any CPU
		{758C5D26-DB90-4E00-8023-643B1B363A59}.Debug|Any CPU.Build.0 = Debug|Any CPU
		{758C5D26-DB90-4E00-8023-643B1B363A59}.Release|Any CPU.ActiveCfg = Release|Any CPU
		{758C5D26-DB90-4E00-8023-643B1B363A59}.Release|Any CPU.Build.0 = Release|Any CPU
	EndGlobalSection
	GlobalSection(SolutionProperties) = preSolution
		HideSolutionNode = FALSE
	EndGlobalSection
	GlobalSection(ExtensibilityGlobals) = postSolution
		SolutionGuid = {3611AF5E-285F-46E0-B1AB-68CD9A8A38B5}
	EndGlobalSection
EndGlobal
